
Microsoft Visual Studio Solution File, Format Version 12.00
# Visual Studio 15
VisualStudioVersion = 15.0.26430.6
MinimumVisualStudioVersion = 10.0.40219.1
Project("{FAE04EC0-301F-11D3-BF4B-00C04F79EFBC}") = "PlaytechUI", "PlaytechUI\PlaytechUI.csproj", "{5906282B-0D54-48A6-81AC-33A7845F9E1B}"
EndProject
Global
	GlobalSection(SolutionConfigurationPlatforms) = preSolution
		Debug|Any CPU = Debug|Any CPU
		Release|Any CPU = Release|Any CPU
	EndGlobalSection
	GlobalSection(ProjectConfigurationPlatforms) = postSolution
		{5906282B-0D54-48A6-81AC-33A7845F9E1B}.Debug|Any CPU.ActiveCfg = Debug|Any CPU
		{5906282B-0D54-48A6-81AC-33A7845F9E1B}.Debug|Any CPU.Build.0 = Debug|Any CPU
		{5906282B-0D54-48A6-81AC-33A7845F9E1B}.Release|Any CPU.ActiveCfg = Release|Any CPU
		{5906282B-0D54-48A6-81AC-33A7845F9E1B}.Release|Any CPU.Build.0 = Release|Any CPU
	EndGlobalSection
	GlobalSection(SolutionProperties) = preSolution
		HideSolutionNode = FALSE
	EndGlobalSection
EndGlobal
